
Microsoft Visual Studio Solution File, Format Version 12.00
# Visual Studio 15
VisualStudioVersion = 15.0.26730.15
MinimumVisualStudioVersion = 10.0.40219.1
Project("{FAE04EC0-301F-11D3-BF4B-00C04F79EFBC}") = "BuildSolutionSample", "BuildSolutionSample\BuildSolutionSample.csproj", "{F5F4452F-58C6-450C-A86C-F60E4F733351}"
EndProject
Project("{FAE04EC0-301F-11D3-BF4B-00C04F79EFBC}") = "BuildSolution.DesignPatterns", "BuildSolution.DesignPatterns\BuildSolution.DesignPatterns.csproj", "{C071F7EC-0DBE-4B47-8821-D2BEDD20E2FF}"
EndProject
Global
	GlobalSection(SolutionConfigurationPlatforms) = preSolution
		Debug|Any CPU = Debug|Any CPU
		Release|Any CPU = Release|Any CPU
	EndGlobalSection
	GlobalSection(ProjectConfigurationPlatforms) = postSolution
		{F5F4452F-58C6-450C-A86C-F60E4F733351}.Debug|Any CPU.ActiveCfg = Debug|Any CPU
		{F5F4452F-58C6-450C-A86C-F60E4F733351}.Debug|Any CPU.Build.0 = Debug|Any CPU
		{F5F4452F-58C6-450C-A86C-F60E4F733351}.Release|Any CPU.ActiveCfg = Release|Any CPU
		{F5F4452F-58C6-450C-A86C-F60E4F733351}.Release|Any CPU.Build.0 = Release|Any CPU
		{C071F7EC-0DBE-4B47-8821-D2BEDD20E2FF}.Debug|Any CPU.ActiveCfg = Debug|Any CPU
		{C071F7EC-0DBE-4B47-8821-D2BEDD20E2FF}.Debug|Any CPU.Build.0 = Debug|Any CPU
		{C071F7EC-0DBE-4B47-8821-D2BEDD20E2FF}.Release|Any CPU.ActiveCfg = Release|Any CPU
		{C071F7EC-0DBE-4B47-8821-D2BEDD20E2FF}.Release|Any CPU.Build.0 = Release|Any CPU
	EndGlobalSection
	GlobalSection(SolutionProperties) = preSolution
		HideSolutionNode = FALSE
	EndGlobalSection
	GlobalSection(ExtensibilityGlobals) = postSolution
		SolutionGuid = {3DBA22C4-6C61-4BB9-8999-BEB8522B1D73}
	EndGlobalSection
EndGlobal
